
Microsoft Visual Studio Solution File, Format Version 12.00
# Visual Studio 15
Project("{FAE04EC0-301F-11D3-BF4B-00C04F79EFBC}") = "Unity.Timeline", "Unity.Timeline.csproj", "{C2C8AB56-F1D2-62CA-E86F-000193FA3230}"
EndProject
Project("{FAE04EC0-301F-11D3-BF4B-00C04F79EFBC}") = "Unity.Timeline.Editor", "Unity.Timeline.Editor.csproj", "{15924845-A704-D78A-9CEB-06BB185B08DA}"
EndProject
Project("{FAE04EC0-301F-11D3-BF4B-00C04F79EFBC}") = "Unity.InputSystem", "Unity.InputSystem.csproj", "{983F1185-9169-1AC9-3A46-82C182812E5A}"
EndProject
Project("{FAE04EC0-301F-11D3-BF4B-00C04F79EFBC}") = "Unity.TextMeshPro.Editor", "Unity.TextMeshPro.Editor.csproj", "{76446457-0159-62C3-6502-D51792503C78}"
EndProject
Project("{FAE04EC0-301F-11D3-BF4B-00C04F79EFBC}") = "Unity.PlasticSCM.Editor", "Unity.PlasticSCM.Editor.csproj", "{7C8DDC17-429A-D19A-2375-0E16C09E919E}"
EndProject
Project("{FAE04EC0-301F-11D3-BF4B-00C04F79EFBC}") = "Unity.Mathematics", "Unity.Mathematics.csproj", "{34E83C9F-21F3-61FF-9EA0-569D141357CE}"
EndProject
Project("{FAE04EC0-301F-11D3-BF4B-00C04F79EFBC}") = "Cinemachine", "Cinemachine.csproj", "{371280A8-BB36-7487-3862-9EBB31CD20E5}"
EndProject
Project("{FAE04EC0-301F-11D3-BF4B-00C04F79EFBC}") = "UnityEditor.TestRunner", "UnityEditor.TestRunner.csproj", "{54F97582-8A87-E483-1B1F-3944D0E4267C}"
EndProject
Project("{FAE04EC0-301F-11D3-BF4B-00C04F79EFBC}") = "Assembly-CSharp-Editor", "Assembly-CSharp-Editor.csproj", "{4E8DF500-6772-FB5A-7E58-2B7A3F3AB1ED}"
EndProject
Project("{FAE04EC0-301F-11D3-BF4B-00C04F79EFBC}") = "UnityEngine.TestRunner", "UnityEngine.TestRunner.csproj", "{94C48F06-323A-3821-5D8C-444B2690E21C}"
EndProject
Project("{FAE04EC0-301F-11D3-BF4B-00C04F79EFBC}") = "Unity.Recorder.Editor", "Unity.Recorder.Editor.csproj", "{CE84A12E-DF9D-CF24-E2AE-37149640DF66}"
EndProject
Project("{FAE04EC0-301F-11D3-BF4B-00C04F79EFBC}") = "Unity.Searcher.Editor", "Unity.Searcher.Editor.csproj", "{77EF97D2-471B-6133-5E44-8BCEC1798586}"
EndProject
Project("{FAE04EC0-301F-11D3-BF4B-00C04F79EFBC}") = "Unity.Burst", "Unity.Burst.csproj", "{CCC291C4-9073-2E56-BD16-180DFDAFA182}"
EndProject
Project("{FAE04EC0-301F-11D3-BF4B-00C04F79EFBC}") = "Unity.AI.Navigation.Editor", "Unity.AI.Navigation.Editor.csproj", "{D2EF2250-2C0E-A721-658F-F8F65943CDA7}"
EndProject
Project("{FAE04EC0-301F-11D3-BF4B-00C04F79EFBC}") = "Unity.VisualStudio.Editor", "Unity.VisualStudio.Editor.csproj", "{1BA466EF-4431-D59E-1551-776DDF7FE669}"
EndProject
Project("{FAE04EC0-301F-11D3-BF4B-00C04F79EFBC}") = "Assembly-CSharp", "Assembly-CSharp.csproj", "{21845DCC-E369-AB30-87D5-A7CFC43CB52C}"
EndProject
Project("{FAE04EC0-301F-11D3-BF4B-00C04F79EFBC}") = "com.unity.cinemachine.editor", "com.unity.cinemachine.editor.csproj", "{59820587-A0FC-5FD7-4112-CDC74C7E99ED}"
EndProject
Project("{FAE04EC0-301F-11D3-BF4B-00C04F79EFBC}") = "Unity.Rider.Editor", "Unity.Rider.Editor.csproj", "{844CCBEC-8095-DBFF-9024-B089ADD00FA0}"
EndProject
Project("{FAE04EC0-301F-11D3-BF4B-00C04F79EFBC}") = "Unity.AI.Navigation", "Unity.AI.Navigation.csproj", "{9ED3C9C0-B7FD-CD83-51CB-1868952D881D}"
EndProject
Project("{FAE04EC0-301F-11D3-BF4B-00C04F79EFBC}") = "Unity.AI.Navigation.Editor.ConversionSystem", "Unity.AI.Navigation.Editor.ConversionSystem.csproj", "{1C675C27-A398-D29E-4112-8BB1B7E42C11}"
EndProject
Project("{FAE04EC0-301F-11D3-BF4B-00C04F79EFBC}") = "Unity.Burst.CodeGen", "Unity.Burst.CodeGen.csproj", "{3C4859A1-73C4-BF7A-3C9A-823964C84363}"
EndProject
Project("{FAE04EC0-301F-11D3-BF4B-00C04F79EFBC}") = "Unity.TextMeshPro", "Unity.TextMeshPro.csproj", "{185B03B5-27C6-8970-7B23-384576C20A97}"
EndProject
Project("{FAE04EC0-301F-11D3-BF4B-00C04F79EFBC}") = "Unity.InputSystem.TestFramework", "Unity.InputSystem.TestFramework.csproj", "{881AD40A-7CB8-0666-5E40-8707857FB11D}"
EndProject
Project("{FAE04EC0-301F-11D3-BF4B-00C04F79EFBC}") = "Unity.VSCode.Editor", "Unity.VSCode.Editor.csproj", "{EE082573-8CEA-2E1E-4BCD-23D97B20107A}"
EndProject
Project("{FAE04EC0-301F-11D3-BF4B-00C04F79EFBC}") = "Unity.Burst.Editor", "Unity.Burst.Editor.csproj", "{0FD3ACC4-2731-C044-FFC8-24FFAED8A41F}"
EndProject
Project("{FAE04EC0-301F-11D3-BF4B-00C04F79EFBC}") = "Unity.AI.Navigation.Updater", "Unity.AI.Navigation.Updater.csproj", "{176FAE3A-9B97-8CF9-79BC-9900CB83DF4C}"
EndProject
Project("{FAE04EC0-301F-11D3-BF4B-00C04F79EFBC}") = "Unity.Recorder", "Unity.Recorder.csproj", "{BEC7C50A-A5B9-D54A-12BA-FFD825095092}"
EndProject
Project("{FAE04EC0-301F-11D3-BF4B-00C04F79EFBC}") = "AppsFlyer", "AppsFlyer.csproj", "{23220304-72A3-FF29-601F-66476E29B0EB}"
EndProject
Project("{FAE04EC0-301F-11D3-BF4B-00C04F79EFBC}") = "AppsFlyer.Editor", "AppsFlyer.Editor.csproj", "{BCB94682-E7CB-31FA-56EC-E7A16522D5B2}"
EndProject
Project("{FAE04EC0-301F-11D3-BF4B-00C04F79EFBC}") = "Unity.InputSystem.ForUI", "Unity.InputSystem.ForUI.csproj", "{E5A21BD5-96C7-730F-198F-53837786BDF6}"
EndProject
Project("{FAE04EC0-301F-11D3-BF4B-00C04F79EFBC}") = "Unity.Mathematics.Editor", "Unity.Mathematics.Editor.csproj", "{66A64411-61FB-05AF-BD3E-B5A419808480}"
EndProject
Project("{FAE04EC0-301F-11D3-BF4B-00C04F79EFBC}") = "Unity.Recorder.Base", "Unity.Recorder.Base.csproj", "{639F034F-01A8-EDFB-64D6-03E2F7421134}"
EndProject
Project("{FAE04EC0-301F-11D3-BF4B-00C04F79EFBC}") = "Unity.CollabProxy.Editor", "Unity.CollabProxy.Editor.csproj", "{0030A267-C7B0-C1FD-AA32-91CC78EE43AF}"
EndProject
Global
	GlobalSection(SolutionConfigurationPlatforms) = preSolution
		Debug|Any CPU = Debug|Any CPU
		Release|Any CPU = Release|Any CPU
	EndGlobalSection
	GlobalSection(ProjectConfigurationPlatforms) = postSolution
		{C2C8AB56-F1D2-62CA-E86F-000193FA3230}.Debug|Any CPU.ActiveCfg = Debug|Any CPU
		{C2C8AB56-F1D2-62CA-E86F-000193FA3230}.Debug|Any CPU.Build.0 = Debug|Any CPU
		{C2C8AB56-F1D2-62CA-E86F-000193FA3230}.Release|Any CPU.ActiveCfg = Release|Any CPU
		{C2C8AB56-F1D2-62CA-E86F-000193FA3230}.Release|Any CPU.Build.0 = Release|Any CPU
		{15924845-A704-D78A-9CEB-06BB185B08DA}.Debug|Any CPU.ActiveCfg = Debug|Any CPU
		{15924845-A704-D78A-9CEB-06BB185B08DA}.Debug|Any CPU.Build.0 = Debug|Any CPU
		{15924845-A704-D78A-9CEB-06BB185B08DA}.Release|Any CPU.ActiveCfg = Release|Any CPU
		{15924845-A704-D78A-9CEB-06BB185B08DA}.Release|Any CPU.Build.0 = Release|Any CPU
		{983F1185-9169-1AC9-3A46-82C182812E5A}.Debug|Any CPU.ActiveCfg = Debug|Any CPU
		{983F1185-9169-1AC9-3A46-82C182812E5A}.Debug|Any CPU.Build.0 = Debug|Any CPU
		{983F1185-9169-1AC9-3A46-82C182812E5A}.Release|Any CPU.ActiveCfg = Release|Any CPU
		{983F1185-9169-1AC9-3A46-82C182812E5A}.Release|Any CPU.Build.0 = Release|Any CPU
		{76446457-0159-62C3-6502-D51792503C78}.Debug|Any CPU.ActiveCfg = Debug|Any CPU
		{76446457-0159-62C3-6502-D51792503C78}.Debug|Any CPU.Build.0 = Debug|Any CPU
		{76446457-0159-62C3-6502-D51792503C78}.Release|Any CPU.ActiveCfg = Release|Any CPU
		{76446457-0159-62C3-6502-D51792503C78}.Release|Any CPU.Build.0 = Release|Any CPU
		{7C8DDC17-429A-D19A-2375-0E16C09E919E}.Debug|Any CPU.ActiveCfg = Debug|Any CPU
		{7C8DDC17-429A-D19A-2375-0E16C09E919E}.Debug|Any CPU.Build.0 = Debug|Any CPU
		{7C8DDC17-429A-D19A-2375-0E16C09E919E}.Release|Any CPU.ActiveCfg = Release|Any CPU
		{7C8DDC17-429A-D19A-2375-0E16C09E919E}.Release|Any CPU.Build.0 = Release|Any CPU
		{34E83C9F-21F3-61FF-9EA0-569D141357CE}.Debug|Any CPU.ActiveCfg = Debug|Any CPU
		{34E83C9F-21F3-61FF-9EA0-569D141357CE}.Debug|Any CPU.Build.0 = Debug|Any CPU
		{34E83C9F-21F3-61FF-9EA0-569D141357CE}.Release|Any CPU.ActiveCfg = Release|Any CPU
		{34E83C9F-21F3-61FF-9EA0-569D141357CE}.Release|Any CPU.Build.0 = Release|Any CPU
		{371280A8-BB36-7487-3862-9EBB31CD20E5}.Debug|Any CPU.ActiveCfg = Debug|Any CPU
		{371280A8-BB36-7487-3862-9EBB31CD20E5}.Debug|Any CPU.Build.0 = Debug|Any CPU
		{371280A8-BB36-7487-3862-9EBB31CD20E5}.Release|Any CPU.ActiveCfg = Release|Any CPU
		{371280A8-BB36-7487-3862-9EBB31CD20E5}.Release|Any CPU.Build.0 = Release|Any CPU
		{54F97582-8A87-E483-1B1F-3944D0E4267C}.Debug|Any CPU.ActiveCfg = Debug|Any CPU
		{54F97582-8A87-E483-1B1F-3944D0E4267C}.Debug|Any CPU.Build.0 = Debug|Any CPU
		{54F97582-8A87-E483-1B1F-3944D0E4267C}.Release|Any CPU.ActiveCfg = Release|Any CPU
		{54F97582-8A87-E483-1B1F-3944D0E4267C}.Release|Any CPU.Build.0 = Release|Any CPU
		{4E8DF500-6772-FB5A-7E58-2B7A3F3AB1ED}.Debug|Any CPU.ActiveCfg = Debug|Any CPU
		{4E8DF500-6772-FB5A-7E58-2B7A3F3AB1ED}.Debug|Any CPU.Build.0 = Debug|Any CPU
		{4E8DF500-6772-FB5A-7E58-2B7A3F3AB1ED}.Release|Any CPU.ActiveCfg = Release|Any CPU
		{4E8DF500-6772-FB5A-7E58-2B7A3F3AB1ED}.Release|Any CPU.Build.0 = Release|Any CPU
		{94C48F06-323A-3821-5D8C-444B2690E21C}.Debug|Any CPU.ActiveCfg = Debug|Any CPU
		{94C48F06-323A-3821-5D8C-444B2690E21C}.Debug|Any CPU.Build.0 = Debug|Any CPU
		{94C48F06-323A-3821-5D8C-444B2690E21C}.Release|Any CPU.ActiveCfg = Release|Any CPU
		{94C48F06-323A-3821-5D8C-444B2690E21C}.Release|Any CPU.Build.0 = Release|Any CPU
		{CE84A12E-DF9D-CF24-E2AE-37149640DF66}.Debug|Any CPU.ActiveCfg = Debug|Any CPU
		{CE84A12E-DF9D-CF24-E2AE-37149640DF66}.Debug|Any CPU.Build.0 = Debug|Any CPU
		{CE84A12E-DF9D-CF24-E2AE-37149640DF66}.Release|Any CPU.ActiveCfg = Release|Any CPU
		{CE84A12E-DF9D-CF24-E2AE-37149640DF66}.Release|Any CPU.Build.0 = Release|Any CPU
		{77EF97D2-471B-6133-5E44-8BCEC1798586}.Debug|Any CPU.ActiveCfg = Debug|Any CPU
		{77EF97D2-471B-6133-5E44-8BCEC1798586}.Debug|Any CPU.Build.0 = Debug|Any CPU
		{77EF97D2-471B-6133-5E44-8BCEC1798586}.Release|Any CPU.ActiveCfg = Release|Any CPU
		{77EF97D2-471B-6133-5E44-8BCEC1798586}.Release|Any CPU.Build.0 = Release|Any CPU
		{CCC291C4-9073-2E56-BD16-180DFDAFA182}.Debug|Any CPU.ActiveCfg = Debug|Any CPU
		{CCC291C4-9073-2E56-BD16-180DFDAFA182}.Debug|Any CPU.Build.0 = Debug|Any CPU
		{CCC291C4-9073-2E56-BD16-180DFDAFA182}.Release|Any CPU.ActiveCfg = Release|Any CPU
		{CCC291C4-9073-2E56-BD16-180DFDAFA182}.Release|Any CPU.Build.0 = Release|Any CPU
		{D2EF2250-2C0E-A721-658F-F8F65943CDA7}.Debug|Any CPU.ActiveCfg = Debug|Any CPU
		{D2EF2250-2C0E-A721-658F-F8F65943CDA7}.Debug|Any CPU.Build.0 = Debug|Any CPU
		{D2EF2250-2C0E-A721-658F-F8F65943CDA7}.Release|Any CPU.ActiveCfg = Release|Any CPU
		{D2EF2250-2C0E-A721-658F-F8F65943CDA7}.Release|Any CPU.Build.0 = Release|Any CPU
		{1BA466EF-4431-D59E-1551-776DDF7FE669}.Debug|Any CPU.ActiveCfg = Debug|Any CPU
		{1BA466EF-4431-D59E-1551-776DDF7FE669}.Debug|Any CPU.Build.0 = Debug|Any CPU
		{1BA466EF-4431-D59E-1551-776DDF7FE669}.Release|Any CPU.ActiveCfg = Release|Any CPU
		{1BA466EF-4431-D59E-1551-776DDF7FE669}.Release|Any CPU.Build.0 = Release|Any CPU
		{21845DCC-E369-AB30-87D5-A7CFC43CB52C}.Debug|Any CPU.ActiveCfg = Debug|Any CPU
		{21845DCC-E369-AB30-87D5-A7CFC43CB52C}.Debug|Any CPU.Build.0 = Debug|Any CPU
		{21845DCC-E369-AB30-87D5-A7CFC43CB52C}.Release|Any CPU.ActiveCfg = Release|Any CPU
		{21845DCC-E369-AB30-87D5-A7CFC43CB52C}.Release|Any CPU.Build.0 = Release|Any CPU
		{59820587-A0FC-5FD7-4112-CDC74C7E99ED}.Debug|Any CPU.ActiveCfg = Debug|Any CPU
		{59820587-A0FC-5FD7-4112-CDC74C7E99ED}.Debug|Any CPU.Build.0 = Debug|Any CPU
		{59820587-A0FC-5FD7-4112-CDC74C7E99ED}.Release|Any CPU.ActiveCfg = Release|Any CPU
		{59820587-A0FC-5FD7-4112-CDC74C7E99ED}.Release|Any CPU.Build.0 = Release|Any CPU
		{844CCBEC-8095-DBFF-9024-B089ADD00FA0}.Debug|Any CPU.ActiveCfg = Debug|Any CPU
		{844CCBEC-8095-DBFF-9024-B089ADD00FA0}.Debug|Any CPU.Build.0 = Debug|Any CPU
		{844CCBEC-8095-DBFF-9024-B089ADD00FA0}.Release|Any CPU.ActiveCfg = Release|Any CPU
		{844CCBEC-8095-DBFF-9024-B089ADD00FA0}.Release|Any CPU.Build.0 = Release|Any CPU
		{9ED3C9C0-B7FD-CD83-51CB-1868952D881D}.Debug|Any CPU.ActiveCfg = Debug|Any CPU
		{9ED3C9C0-B7FD-CD83-51CB-1868952D881D}.Debug|Any CPU.Build.0 = Debug|Any CPU
		{9ED3C9C0-B7FD-CD83-51CB-1868952D881D}.Release|Any CPU.ActiveCfg = Release|Any CPU
		{9ED3C9C0-B7FD-CD83-51CB-1868952D881D}.Release|Any CPU.Build.0 = Release|Any CPU
		{1C675C27-A398-D29E-4112-8BB1B7E42C11}.Debug|Any CPU.ActiveCfg = Debug|Any CPU
		{1C675C27-A398-D29E-4112-8BB1B7E42C11}.Debug|Any CPU.Build.0 = Debug|Any CPU
		{1C675C27-A398-D29E-4112-8BB1B7E42C11}.Release|Any CPU.ActiveCfg = Release|Any CPU
		{1C675C27-A398-D29E-4112-8BB1B7E42C11}.Release|Any CPU.Build.0 = Release|Any CPU
		{3C4859A1-73C4-BF7A-3C9A-823964C84363}.Debug|Any CPU.ActiveCfg = Debug|Any CPU
		{3C4859A1-73C4-BF7A-3C9A-823964C84363}.Debug|Any CPU.Build.0 = Debug|Any CPU
		{3C4859A1-73C4-BF7A-3C9A-823964C84363}.Release|Any CPU.ActiveCfg = Release|Any CPU
		{3C4859A1-73C4-BF7A-3C9A-823964C84363}.Release|Any CPU.Build.0 = Release|Any CPU
		{185B03B5-27C6-8970-7B23-384576C20A97}.Debug|Any CPU.ActiveCfg = Debug|Any CPU
		{185B03B5-27C6-8970-7B23-384576C20A97}.Debug|Any CPU.Build.0 = Debug|Any CPU
		{185B03B5-27C6-8970-7B23-384576C20A97}.Release|Any CPU.ActiveCfg = Release|Any CPU
		{185B03B5-27C6-8970-7B23-384576C20A97}.Release|Any CPU.Build.0 = Release|Any CPU
		{881AD40A-7CB8-0666-5E40-8707857FB11D}.Debug|Any CPU.ActiveCfg = Debug|Any CPU
		{881AD40A-7CB8-0666-5E40-8707857FB11D}.Debug|Any CPU.Build.0 = Debug|Any CPU
		{881AD40A-7CB8-0666-5E40-8707857FB11D}.Release|Any CPU.ActiveCfg = Release|Any CPU
		{881AD40A-7CB8-0666-5E40-8707857FB11D}.Release|Any CPU.Build.0 = Release|Any CPU
		{EE082573-8CEA-2E1E-4BCD-23D97B20107A}.Debug|Any CPU.ActiveCfg = Debug|Any CPU
		{EE082573-8CEA-2E1E-4BCD-23D97B20107A}.Debug|Any CPU.Build.0 = Debug|Any CPU
		{EE082573-8CEA-2E1E-4BCD-23D97B20107A}.Release|Any CPU.ActiveCfg = Release|Any CPU
		{EE082573-8CEA-2E1E-4BCD-23D97B20107A}.Release|Any CPU.Build.0 = Release|Any CPU
		{0FD3ACC4-2731-C044-FFC8-24FFAED8A41F}.Debug|Any CPU.ActiveCfg = Debug|Any CPU
		{0FD3ACC4-2731-C044-FFC8-24FFAED8A41F}.Debug|Any CPU.Build.0 = Debug|Any CPU
		{0FD3ACC4-2731-C044-FFC8-24FFAED8A41F}.Release|Any CPU.ActiveCfg = Release|Any CPU
		{0FD3ACC4-2731-C044-FFC8-24FFAED8A41F}.Release|Any CPU.Build.0 = Release|Any CPU
		{176FAE3A-9B97-8CF9-79BC-9900CB83DF4C}.Debug|Any CPU.ActiveCfg = Debug|Any CPU
		{176FAE3A-9B97-8CF9-79BC-9900CB83DF4C}.Debug|Any CPU.Build.0 = Debug|Any CPU
		{176FAE3A-9B97-8CF9-79BC-9900CB83DF4C}.Release|Any CPU.ActiveCfg = Release|Any CPU
		{176FAE3A-9B97-8CF9-79BC-9900CB83DF4C}.Release|Any CPU.Build.0 = Release|Any CPU
		{BEC7C50A-A5B9-D54A-12BA-FFD825095092}.Debug|Any CPU.ActiveCfg = Debug|Any CPU
		{BEC7C50A-A5B9-D54A-12BA-FFD825095092}.Debug|Any CPU.Build.0 = Debug|Any CPU
		{BEC7C50A-A5B9-D54A-12BA-FFD825095092}.Release|Any CPU.ActiveCfg = Release|Any CPU
		{BEC7C50A-A5B9-D54A-12BA-FFD825095092}.Release|Any CPU.Build.0 = Release|Any CPU
		{23220304-72A3-FF29-601F-66476E29B0EB}.Debug|Any CPU.ActiveCfg = Debug|Any CPU
		{23220304-72A3-FF29-601F-66476E29B0EB}.Debug|Any CPU.Build.0 = Debug|Any CPU
		{23220304-72A3-FF29-601F-66476E29B0EB}.Release|Any CPU.ActiveCfg = Release|Any CPU
		{23220304-72A3-FF29-601F-66476E29B0EB}.Release|Any CPU.Build.0 = Release|Any CPU
		{BCB94682-E7CB-31FA-56EC-E7A16522D5B2}.Debug|Any CPU.ActiveCfg = Debug|Any CPU
		{BCB94682-E7CB-31FA-56EC-E7A16522D5B2}.Debug|Any CPU.Build.0 = Debug|Any CPU
		{BCB94682-E7CB-31FA-56EC-E7A16522D5B2}.Release|Any CPU.ActiveCfg = Release|Any CPU
		{BCB94682-E7CB-31FA-56EC-E7A16522D5B2}.Release|Any CPU.Build.0 = Release|Any CPU
		{E5A21BD5-96C7-730F-198F-53837786BDF6}.Debug|Any CPU.ActiveCfg = Debug|Any CPU
		{E5A21BD5-96C7-730F-198F-53837786BDF6}.Debug|Any CPU.Build.0 = Debug|Any CPU
		{E5A21BD5-96C7-730F-198F-53837786BDF6}.Release|Any CPU.ActiveCfg = Release|Any CPU
		{E5A21BD5-96C7-730F-198F-53837786BDF6}.Release|Any CPU.Build.0 = Release|Any CPU
		{66A64411-61FB-05AF-BD3E-B5A419808480}.Debug|Any CPU.ActiveCfg = Debug|Any CPU
		{66A64411-61FB-05AF-BD3E-B5A419808480}.Debug|Any CPU.Build.0 = Debug|Any CPU
		{66A64411-61FB-05AF-BD3E-B5A419808480}.Release|Any CPU.ActiveCfg = Release|Any CPU
		{66A64411-61FB-05AF-BD3E-B5A419808480}.Release|Any CPU.Build.0 = Release|Any CPU
		{639F034F-01A8-EDFB-64D6-03E2F7421134}.Debug|Any CPU.ActiveCfg = Debug|Any CPU
		{639F034F-01A8-EDFB-64D6-03E2F7421134}.Debug|Any CPU.Build.0 = Debug|Any CPU
		{639F034F-01A8-EDFB-64D6-03E2F7421134}.Release|Any CPU.ActiveCfg = Release|Any CPU
		{639F034F-01A8-EDFB-64D6-03E2F7421134}.Release|Any CPU.Build.0 = Release|Any CPU
		{0030A267-C7B0-C1FD-AA32-91CC78EE43AF}.Debug|Any CPU.ActiveCfg = Debug|Any CPU
		{0030A267-C7B0-C1FD-AA32-91CC78EE43AF}.Debug|Any CPU.Build.0 = Debug|Any CPU
		{0030A267-C7B0-C1FD-AA32-91CC78EE43AF}.Release|Any CPU.ActiveCfg = Release|Any CPU
		{0030A267-C7B0-C1FD-AA32-91CC78EE43AF}.Release|Any CPU.Build.0 = Release|Any CPU
	EndGlobalSection
	GlobalSection(SolutionProperties) = preSolution
		HideSolutionNode = FALSE
	EndGlobalSection
EndGlobal
